
Microsoft Visual Studio Solution File, Format Version 12.00
# Visual Studio Version 17
VisualStudioVersion = 17.6.33829.357
MinimumVisualStudioVersion = 10.0.40219.1
Project("{9A19103F-16F7-4668-BE54-9A1E7A4F7556}") = "YemekSiparis", "YemekSiparis\YemekSiparis.csproj", "{97344BFA-DB4F-4027-9A0F-26ABBECE9590}"
EndProject
Global
	GlobalSection(SolutionConfigurationPlatforms) = preSolution
		Debug|Any CPU = Debug|Any CPU
		Release|Any CPU = Release|Any CPU
	EndGlobalSection
	GlobalSection(ProjectConfigurationPlatforms) = postSolution
		{97344BFA-DB4F-4027-9A0F-26ABBECE9590}.Debug|Any CPU.ActiveCfg = Debug|Any CPU
		{97344BFA-DB4F-4027-9A0F-26ABBECE9590}.Debug|Any CPU.Build.0 = Debug|Any CPU
		{97344BFA-DB4F-4027-9A0F-26ABBECE9590}.Release|Any CPU.ActiveCfg = Release|Any CPU
		{97344BFA-DB4F-4027-9A0F-26ABBECE9590}.Release|Any CPU.Build.0 = Release|Any CPU
	EndGlobalSection
	GlobalSection(SolutionProperties) = preSolution
		HideSolutionNode = FALSE
	EndGlobalSection
	GlobalSection(ExtensibilityGlobals) = postSolution
		SolutionGuid = {0BDDC551-41A4-4ACC-8781-891BDFBFE9E7}
	EndGlobalSection
EndGlobal
